
Microsoft Visual Studio Solution File, Format Version 12.00
# Visual Studio Version 17
VisualStudioVersion = 17.0.32014.148
MinimumVisualStudioVersion = 10.0.40219.1
Project("{9A19103F-16F7-4668-BE54-9A1E7A4F7556}") = "JsonSorter", "JsonSorter\JsonSorter.csproj", "{C2D4F8EB-39DD-4FD9-B812-97A92D85C5BD}"
EndProject
Project("{9A19103F-16F7-4668-BE54-9A1E7A4F7556}") = "UT_JsonSorter", "UT_JsonSorter\UT_JsonSorter.csproj", "{7C980A2F-BB7C-410B-8043-92A9C9479A32}"
EndProject
Global
	GlobalSection(SolutionConfigurationPlatforms) = preSolution
		Debug|Any CPU = Debug|Any CPU
		Release|Any CPU = Release|Any CPU
	EndGlobalSection
	GlobalSection(ProjectConfigurationPlatforms) = postSolution
		{C2D4F8EB-39DD-4FD9-B812-97A92D85C5BD}.Debug|Any CPU.ActiveCfg = Debug|Any CPU
		{C2D4F8EB-39DD-4FD9-B812-97A92D85C5BD}.Debug|Any CPU.Build.0 = Debug|Any CPU
		{C2D4F8EB-39DD-4FD9-B812-97A92D85C5BD}.Release|Any CPU.ActiveCfg = Release|Any CPU
		{C2D4F8EB-39DD-4FD9-B812-97A92D85C5BD}.Release|Any CPU.Build.0 = Release|Any CPU
		{7C980A2F-BB7C-410B-8043-92A9C9479A32}.Debug|Any CPU.ActiveCfg = Debug|Any CPU
		{7C980A2F-BB7C-410B-8043-92A9C9479A32}.Debug|Any CPU.Build.0 = Debug|Any CPU
		{7C980A2F-BB7C-410B-8043-92A9C9479A32}.Release|Any CPU.ActiveCfg = Release|Any CPU
		{7C980A2F-BB7C-410B-8043-92A9C9479A32}.Release|Any CPU.Build.0 = Release|Any CPU
	EndGlobalSection
	GlobalSection(SolutionProperties) = preSolution
		HideSolutionNode = FALSE
	EndGlobalSection
	GlobalSection(ExtensibilityGlobals) = postSolution
		SolutionGuid = {8747B152-9548-4ACF-9F5A-F6B28F7F244D}
	EndGlobalSection
EndGlobal
